
Microsoft Visual Studio Solution File, Format Version 12.00
# Visual Studio Version 16
VisualStudioVersion = 16.0.29709.97
MinimumVisualStudioVersion = 10.0.40219.1
Project("{FAE04EC0-301F-11D3-BF4B-00C04F79EFBC}") = "Recipe Helper", "Recipe Helper\Recipe Helper.csproj", "{1EE00991-3B9E-4B88-88D8-5EA2BB50999F}"
EndProject
Global
	GlobalSection(SolutionConfigurationPlatforms) = preSolution
		Debug|Any CPU = Debug|Any CPU
		Release|Any CPU = Release|Any CPU
	EndGlobalSection
	GlobalSection(ProjectConfigurationPlatforms) = postSolution
		{1EE00991-3B9E-4B88-88D8-5EA2BB50999F}.Debug|Any CPU.ActiveCfg = Debug|Any CPU
		{1EE00991-3B9E-4B88-88D8-5EA2BB50999F}.Debug|Any CPU.Build.0 = Debug|Any CPU
		{1EE00991-3B9E-4B88-88D8-5EA2BB50999F}.Release|Any CPU.ActiveCfg = Release|Any CPU
		{1EE00991-3B9E-4B88-88D8-5EA2BB50999F}.Release|Any CPU.Build.0 = Release|Any CPU
	EndGlobalSection
	GlobalSection(SolutionProperties) = preSolution
		HideSolutionNode = FALSE
	EndGlobalSection
	GlobalSection(ExtensibilityGlobals) = postSolution
		SolutionGuid = {81D61F57-C4A2-4AF7-89CB-9E4E4BB1C728}
	EndGlobalSection
EndGlobal
